
Microsoft Visual Studio Solution File, Format Version 12.00
# Visual Studio Version 17
VisualStudioVersion = 17.0.31825.309
MinimumVisualStudioVersion = 10.0.40219.1
Project("{FAE04EC0-301F-11D3-BF4B-00C04F79EFBC}") = "Hesabate_POS", "Hesabate_POS\Hesabate_POS.csproj", "{46939D38-6F29-44C6-93CB-B72B1E0A5722}"
EndProject
Project("{FAE04EC0-301F-11D3-BF4B-00C04F79EFBC}") = "netoaster", "netoaster\netoaster.csproj", "{211D37EF-74F8-4E4F-9ED0-DA4566F423F5}"
EndProject
Global
	GlobalSection(SolutionConfigurationPlatforms) = preSolution
		content|Any CPU = content|Any CPU
		Debug|Any CPU = Debug|Any CPU
		Release|Any CPU = Release|Any CPU
	EndGlobalSection
	GlobalSection(ProjectConfigurationPlatforms) = postSolution
		{46939D38-6F29-44C6-93CB-B72B1E0A5722}.content|Any CPU.ActiveCfg = Release|Any CPU
		{46939D38-6F29-44C6-93CB-B72B1E0A5722}.content|Any CPU.Build.0 = Release|Any CPU
		{46939D38-6F29-44C6-93CB-B72B1E0A5722}.Debug|Any CPU.ActiveCfg = Debug|Any CPU
		{46939D38-6F29-44C6-93CB-B72B1E0A5722}.Debug|Any CPU.Build.0 = Debug|Any CPU
		{46939D38-6F29-44C6-93CB-B72B1E0A5722}.Release|Any CPU.ActiveCfg = Release|Any CPU
		{46939D38-6F29-44C6-93CB-B72B1E0A5722}.Release|Any CPU.Build.0 = Release|Any CPU
		{211D37EF-74F8-4E4F-9ED0-DA4566F423F5}.content|Any CPU.ActiveCfg = content|Any CPU
		{211D37EF-74F8-4E4F-9ED0-DA4566F423F5}.content|Any CPU.Build.0 = content|Any CPU
		{211D37EF-74F8-4E4F-9ED0-DA4566F423F5}.Debug|Any CPU.ActiveCfg = Debug|Any CPU
		{211D37EF-74F8-4E4F-9ED0-DA4566F423F5}.Debug|Any CPU.Build.0 = Debug|Any CPU
		{211D37EF-74F8-4E4F-9ED0-DA4566F423F5}.Release|Any CPU.ActiveCfg = Release|Any CPU
		{211D37EF-74F8-4E4F-9ED0-DA4566F423F5}.Release|Any CPU.Build.0 = Release|Any CPU
	EndGlobalSection
	GlobalSection(SolutionProperties) = preSolution
		HideSolutionNode = FALSE
	EndGlobalSection
	GlobalSection(ExtensibilityGlobals) = postSolution
		SolutionGuid = {16AA5CA5-ABBA-4A9D-8AFD-D9E46AD07E4B}
	EndGlobalSection
EndGlobal
